{
  "name": "IA-EDU",
  "lockfileVersion": 3,
  "requires": true,
  "packages": {
    "": {
      "dependencies": {
        "@dnd-kit/core": "^6.3.1",
        "@dnd-kit/sortable": "^10.0.0",
        "@dnd-kit/utilities": "^3.2.2",
        "react-icons": "^5.5.0",
        "react-router-dom": "^7.13.0",
        "react-toastify": "^11.0.5"
      }
    },
    "node_modules/@dnd-kit/accessibility": {
      "version": "3.1.1",
      "resolved": "https://registry.npmjs.org/@dnd-kit/accessibility/-/accessibility-3.1.1.tgz",
      "integrity": "sha512-2P+YgaXF+gRsIihwwY1gCsQSYnu9Zyj2py8kY5fFvUM1qm2WA2u639R6YNVfU4GWr+ZM5mqEsfHZZLoRONbemw==",
      "license": "MIT",
      "dependencies": {
        "tslib": "^2.0.0"
      },
      "peerDependencies": {
        "react": ">=16.8.0"
      }
    },
    "node_modules/@dnd-kit/core": {
      "version": "6.3.1",
      "resolved": "https://registry.npmjs.org/@dnd-kit/core/-/core-6.3.1.tgz",
      "integrity": "sha512-xkGBRQQab4RLwgXxoqETICr6S5JlogafbhNsidmrkVv2YRs5MLwpjoF2qpiGjQt8S9AoxtIV603s0GIUpY5eYQ==",
      "license": "MIT",
      "dependencies": {
        "@dnd-kit/accessibility": "^3.1.1",
        "@dnd-kit/utilities": "^3.2.2",
        "tslib": "^2.0.0"
      },
      "peerDependencies": {
        "react": ">=16.8.0",
        "react-dom": ">=16.8.0"
      }
    },
    "node_modules/@dnd-kit/sortable": {
      "version": "10.0.0",
      "resolved": "https://registry.npmjs.org/@dnd-kit/sortable/-/sortable-10.0.0.tgz",
      "integrity": "sha512-+xqhmIIzvAYMGfBYYnbKuNicfSsk4RksY2XdmJhT+HAC01nix6fHCztU68jooFiMUB01Ky3F0FyOvhG/BZrWkg==",
      "license": "MIT",
      "dependencies": {
        "@dnd-kit/utilities": "^3.2.2",
        "tslib": "^2.0.0"
      },
      "peerDependencies": {
        "@dnd-kit/core": "^6.3.0",
        "react": ">=16.8.0"
      }
    },
    "node_modules/@dnd-kit/utilities": {
      "version": "3.2.2",
      "resolved": "https://registry.npmjs.org/@dnd-kit/utilities/-/utilities-3.2.2.tgz",
      "integrity": "sha512-+MKAJEOfaBe5SmV6t34p80MMKhjvUz0vRrvVJbPT0WElzaOJ/1xs+D+KDv+tD/NE5ujfrChEcshd4fLn0wpiqg==",
      "license": "MIT",
      "dependencies": {
        "tslib": "^2.0.0"
      },
      "peerDependencies": {
        "react": ">=16.8.0"
      }
    },
    "node_modules/clsx": {
      "version": "2.1.1",
      "resolved": "https://registry.npmjs.org/clsx/-/clsx-2.1.1.tgz",
      "integrity": "sha512-eYm0QWBtUrBWZWG0d386OGAw16Z995PiOVo2B7bjWSbHedGl5e0ZWaq65kOGgUSNesEIDkB9ISbTg/JK9dhCZA==",
      "engines": {
        "node": ">=6"
      }
    },
    "node_modules/cookie": {
      "version": "1.1.1",
      "resolved": "https://registry.npmjs.org/cookie/-/cookie-1.1.1.tgz",
      "integrity": "sha512-ei8Aos7ja0weRpFzJnEA9UHJ/7XQmqglbRwnf2ATjcB9Wq874VKH9kfjjirM6UhU2/E5fFYadylyhFldcqSidQ==",
      "license": "MIT",
      "engines": {
        "node": ">=18"
      },
      "funding": {
        "type": "opencollective",
        "url": "https://opencollective.com/express"
      }
    },
    "node_modules/react": {
      "version": "19.1.0",
      "resolved": "https://registry.npmjs.org/react/-/react-19.1.0.tgz",
      "integrity": "sha512-FS+XFBNvn3GTAWq26joslQgWNoFu08F4kl0J4CgdNKADkdSGXQyTCnKteIAJy96Br6YbpEU1LSzV5dYtjMkMDg==",
      "license": "MIT",
      "peer": true,
      "engines": {
        "node": ">=0.10.0"
      }
    },
    "node_modules/react-dom": {
      "version": "19.1.0",
      "resolved": "https://registry.npmjs.org/react-dom/-/react-dom-19.1.0.tgz",
      "integrity": "sha512-Xs1hdnE+DyKgeHJeJznQmYMIBG3TKIHJJT95Q58nHLSrElKlGQqDTR2HQ9fx5CN/Gk6Vh/kupBTDLU11/nDk/g==",
      "license": "MIT",
      "peer": true,
      "dependencies": {
        "scheduler": "^0.26.0"
      },
      "peerDependencies": {
        "react": "^19.1.0"
      }
    },
    "node_modules/react-icons": {
      "version": "5.5.0",
      "resolved": "https://registry.npmjs.org/react-icons/-/react-icons-5.5.0.tgz",
      "integrity": "sha512-MEFcXdkP3dLo8uumGI5xN3lDFNsRtrjbOEKDLD7yv76v4wpnEq2Lt2qeHaQOr34I/wPN3s3+N08WkQ+CW37Xiw==",
      "license": "MIT",
      "peerDependencies": {
        "react": "*"
      }
    },
    "node_modules/react-router": {
      "version": "7.13.0",
      "resolved": "https://registry.npmjs.org/react-router/-/react-router-7.13.0.tgz",
      "integrity": "sha512-PZgus8ETambRT17BUm/LL8lX3Of+oiLaPuVTRH3l1eLvSPpKO3AvhAEb5N7ihAFZQrYDqkvvWfFh9p0z9VsjLw==",
      "license": "MIT",
      "dependencies": {
        "cookie": "^1.0.1",
        "set-cookie-parser": "^2.6.0"
      },
      "engines": {
        "node": ">=20.0.0"
      },
      "peerDependencies": {
        "react": ">=18",
        "react-dom": ">=18"
      },
      "peerDependenciesMeta": {
        "react-dom": {
          "optional": true
        }
      }
    },
    "node_modules/react-router-dom": {
      "version": "7.13.0",
      "resolved": "https://registry.npmjs.org/react-router-dom/-/react-router-dom-7.13.0.tgz",
      "integrity": "sha512-5CO/l5Yahi2SKC6rGZ+HDEjpjkGaG/ncEP7eWFTvFxbHP8yeeI0PxTDjimtpXYlR3b3i9/WIL4VJttPrESIf2g==",
      "license": "MIT",
      "dependencies": {
        "react-router": "7.13.0"
      },
      "engines": {
        "node": ">=20.0.0"
      },
      "peerDependencies": {
        "react": ">=18",
        "react-dom": ">=18"
      }
    },
    "node_modules/react-toastify": {
      "version": "11.0.5",
      "resolved": "https://registry.npmjs.org/react-toastify/-/react-toastify-11.0.5.tgz",
      "integrity": "sha512-EpqHBGvnSTtHYhCPLxML05NLY2ZX0JURbAdNYa6BUkk+amz4wbKBQvoKQAB0ardvSarUBuY4Q4s1sluAzZwkmA==",
      "dependencies": {
        "clsx": "^2.1.1"
      },
      "peerDependencies": {
        "react": "^18 || ^19",
        "react-dom": "^18 || ^19"
      }
    },
    "node_modules/scheduler": {
      "version": "0.26.0",
      "resolved": "https://registry.npmjs.org/scheduler/-/scheduler-0.26.0.tgz",
      "integrity": "sha512-NlHwttCI/l5gCPR3D1nNXtWABUmBwvZpEQiD4IXSbIDq8BzLIK/7Ir5gTFSGZDUu37K5cMNp0hFtzO38sC7gWA==",
      "license": "MIT",
      "peer": true
    },
    "node_modules/set-cookie-parser": {
      "version": "2.7.2",
      "resolved": "https://registry.npmjs.org/set-cookie-parser/-/set-cookie-parser-2.7.2.tgz",
      "integrity": "sha512-oeM1lpU/UvhTxw+g3cIfxXHyJRc/uidd3yK1P242gzHds0udQBYzs3y8j4gCCW+ZJ7ad0yctld8RYO+bdurlvw==",
      "license": "MIT"
    },
    "node_modules/tslib": {
      "version": "2.8.1",
      "resolved": "https://registry.npmjs.org/tslib/-/tslib-2.8.1.tgz",
      "integrity": "sha512-oJFu94HQb+KVduSUQL7wnpmqnfmLsOA/nAh6b6EH0wCEoK0/mPeXU6c3wKDV83MkOuHPRHtSXKKU99IBazS/2w==",
      "license": "0BSD"
    }
  }
}
